Microsoft Visual Studio Solution File, Format Version 11.00
# Visual Studio 2008

Project("{DA1982A5-1D5F-E00F-33DF-9F9B603EA824}") = "TankVR", "Assembly-CSharp.csproj", "{FCE218C3-E47C-751A-6ADE-E9AE4F38B21B}"
EndProject
Project("{DA1982A5-1D5F-E00F-33DF-9F9B603EA824}") = "TankVR", "Assembly-CSharp-Editor.csproj", "{CCEBBF27-B425-EC94-AE67-841D32130164}"
EndProject
Project("{DA1982A5-1D5F-E00F-33DF-9F9B603EA824}") = "TankVR", "Assembly-UnityScript.unityproj", "{6A078EE9-3BFD-19F5-FA0A-FBF312858809}"
EndProject
Global
	GlobalSection(SolutionConfigurationPlatforms) = preSolution
		Debug|Any CPU = Debug|Any CPU
		Release|Any CPU = Release|Any CPU
	EndGlobalSection
	GlobalSection(ProjectConfigurationPlatforms) = postSolution
		{FCE218C3-E47C-751A-6ADE-E9AE4F38B21B}.Debug|Any CPU.ActiveCfg = Debug|Any CPU
		{FCE218C3-E47C-751A-6ADE-E9AE4F38B21B}.Debug|Any CPU.Build.0 = Debug|Any CPU
		{FCE218C3-E47C-751A-6ADE-E9AE4F38B21B}.Release|Any CPU.ActiveCfg = Release|Any CPU
		{FCE218C3-E47C-751A-6ADE-E9AE4F38B21B}.Release|Any CPU.Build.0 = Release|Any CPU
		{CCEBBF27-B425-EC94-AE67-841D32130164}.Debug|Any CPU.ActiveCfg = Debug|Any CPU
		{CCEBBF27-B425-EC94-AE67-841D32130164}.Debug|Any CPU.Build.0 = Debug|Any CPU
		{CCEBBF27-B425-EC94-AE67-841D32130164}.Release|Any CPU.ActiveCfg = Release|Any CPU
		{CCEBBF27-B425-EC94-AE67-841D32130164}.Release|Any CPU.Build.0 = Release|Any CPU
		{6A078EE9-3BFD-19F5-FA0A-FBF312858809}.Debug|Any CPU.ActiveCfg = Debug|Any CPU
		{6A078EE9-3BFD-19F5-FA0A-FBF312858809}.Debug|Any CPU.Build.0 = Debug|Any CPU
		{6A078EE9-3BFD-19F5-FA0A-FBF312858809}.Release|Any CPU.ActiveCfg = Release|Any CPU
		{6A078EE9-3BFD-19F5-FA0A-FBF312858809}.Release|Any CPU.Build.0 = Release|Any CPU
	EndGlobalSection
	GlobalSection(SolutionProperties) = preSolution
		HideSolutionNode = FALSE
	EndGlobalSection
	GlobalSection(MonoDevelopProperties) = preSolution
		StartupItem = Assembly-CSharp.csproj
	EndGlobalSection
EndGlobal
